<?xml version="1.0" encoding="UTF-8" standalone="yes" ?>
<CodeBlocks_project_file>
	<FileVersion major="1" minor="6" />
	<Project>
		<Option title="SpaceInvaders" />
		<Option pch_mode="0" />
		<Option compiler="gcc" />
		<Build>
			<Target title="Debug">
				<Option output="bin/Debug/SpaceInvaders" prefix_auto="1" extension_auto="1" />
				<Option object_output="obj/Debug/" />
				<Option type="0" />
				<Option compiler="gcc" />
				<Compiler>
					<Add option="-g" />
					<Add option="-D__WXDEBUG__" />
					<Add directory="C:/wxWidgets-3.1.0/wx310/lib/gcc_dll/mswud" />
				</Compiler>
				<ResourceCompiler>
					<Add directory="C:/wxWidgets-3.1.0/wx310/lib/gcc_dll/mswud" />
				</ResourceCompiler>
				<Linker>
					<Add library="C:/Libarys/SFML-2.4.2/lib/libsfml-audio-d.a" />
					<Add library="C:/Libarys/SFML-2.4.2/lib/libsfml-system-d.a" />
					<Add directory="C:/wxWidgets-3.1.0/wx310/lib/gcc_dll" />
				</Linker>
			</Target>
			<Target title="Release">
				<Option output="bin/Release/SpaceInvaders" prefix_auto="1" extension_auto="1" />
				<Option object_output="obj/Release/" />
				<Option type="0" />
				<Option compiler="gcc" />
				<Compiler>
					<Add option="-O2" />
					<Add option="-DSFML_STATIC" />
					<Add directory="C:/wxWidgets-3.1.0/wx310/lib/gcc_dll/mswu" />
				</Compiler>
				<ResourceCompiler>
					<Add directory="C:/wxWidgets-3.1.0/wx310/lib/gcc_dll/mswu" />
				</ResourceCompiler>
				<Linker>
					<Add option="-s" />
					<Add library="sfml-audio-s-d" />
					<Add library="sfml-system-s-d" />
					<Add library="winmm" />
					<Add library="openal32" />
					<Add library="flac" />
					<Add library="vorbisenc" />
					<Add library="vorbisfile" />
					<Add library="vorbis" />
					<Add library="ogg" />
					<Add directory="C:/wxWidgets-3.1.0/wx310/lib/gcc_dll" />
				</Linker>
			</Target>
		</Build>
		<Compiler>
			<Add option="-Wall" />
			<Add option="-pipe" />
			<Add option="-mthreads" />
			<Add option="-Winvalid-pch" />
			<Add option="-include wx_pch.h" />
			<Add option="-std=c++0x -pthread" />
			<Add option="-D__GNUWIN32__" />
			<Add option="-D__WXMSW__" />
			<Add option="-DWXUSINGDLL" />
			<Add option="-DwxUSE_UNICODE" />
			<Add option="-DWX_PRECOMP" />
			<Add directory="C:/Libarys/wx310/include" />
			<Add directory="C:/Libarys/SFML-2.4.2/include" />
		</Compiler>
		<ResourceCompiler>
			<Add directory="C:/Libarys/wx310/include" />
		</ResourceCompiler>
		<Linker>
			<Add option="-mthreads" />
			<Add library="C:/Libarys/wx310/lib/gcc_dll/libwxmsw31ud.a" />
			<Add directory="C:/Libarys/SFML-2.4.2/lib" />
		</Linker>
		<Unit filename="SpaceInvadersApp.cpp" />
		<Unit filename="SpaceInvadersApp.h" />
		<Unit filename="alien.cpp" />
		<Unit filename="alien.h" />
		<Unit filename="alienschuss.cpp" />
		<Unit filename="alienschuss.h" />
		<Unit filename="explosion.cpp" />
		<Unit filename="explosion.h" />
		<Unit filename="objekt.cpp" />
		<Unit filename="objekt.h" />
		<Unit filename="resource.rc">
			<Option compilerVar="WINDRES" />
		</Unit>
		<Unit filename="schuss.cpp" />
		<Unit filename="schuss.h" />
		<Unit filename="spiel.cpp" />
		<Unit filename="spiel.h" />
		<Unit filename="spieler.cpp" />
		<Unit filename="spieler.h" />
		<Unit filename="wx_pch.h">
			<Option compile="1" />
			<Option weight="0" />
		</Unit>
		<Extensions>
			<code_completion />
			<envvars />
			<debugger />
			<wxsmith version="1">
				<gui name="wxWidgets" src="SpaceInvadersApp.cpp" main="SpaceInvadersFrame" init_handlers="necessary" language="CPP" />
				<resources>
					<wxFrame wxs="wxsmith/SpaceInvadersframe.wxs" src="SpaceInvadersMain.cpp" hdr="SpaceInvadersMain.h" fwddecl="0" i18n="1" name="SpaceInvadersFrame" language="CPP" />
				</resources>
			</wxsmith>
		</Extensions>
	</Project>
</CodeBlocks_project_file>
